
Microsoft Visual Studio Solution File, Format Version 12.00
# Visual Studio 15
VisualStudioVersion = 15.0.26730.8
MinimumVisualStudioVersion = 10.0.40219.1
Project("{888888A0-9F3D-457C-B088-3A5042F75D52}") = "talos", "talos.pyproj", "{33C3E2AA-CAE7-4203-B949-7AEAB610A72D}"
EndProject
Global
	GlobalSection(SolutionConfigurationPlatforms) = preSolution
		Debug|Any CPU = Debug|Any CPU
		Release|Any CPU = Release|Any CPU
	EndGlobalSection
	GlobalSection(ProjectConfigurationPlatforms) = postSolution
		{33C3E2AA-CAE7-4203-B949-7AEAB610A72D}.Debug|Any CPU.ActiveCfg = Debug|Any CPU
		{33C3E2AA-CAE7-4203-B949-7AEAB610A72D}.Debug|Any CPU.Build.0 = Debug|Any CPU
		{33C3E2AA-CAE7-4203-B949-7AEAB610A72D}.Release|Any CPU.ActiveCfg = Release|Any CPU
		{33C3E2AA-CAE7-4203-B949-7AEAB610A72D}.Release|Any CPU.Build.0 = Release|Any CPU
	EndGlobalSection
	GlobalSection(SolutionProperties) = preSolution
		HideSolutionNode = FALSE
	EndGlobalSection
	GlobalSection(ExtensibilityGlobals) = postSolution
		SolutionGuid = {5051A142-A5B0-4509-96F5-43B098C41883}
	EndGlobalSection
EndGlobal
